
Microsoft Visual Studio Solution File, Format Version 12.00
# Visual Studio Version 16
VisualStudioVersion = 16.0.30611.23
MinimumVisualStudioVersion = 10.0.40219.1
Project("{F184B08F-C81C-45F6-A57F-5ABD9991F28F}") = "PollPlugin", "PollPlugin\PollPlugin.vbproj", "{6BD4DBC5-0B94-4299-AD0F-303B6A513A08}"
EndProject
Global
	GlobalSection(SolutionConfigurationPlatforms) = preSolution
		Debug|Any CPU = Debug|Any CPU
		Release|Any CPU = Release|Any CPU
	EndGlobalSection
	GlobalSection(ProjectConfigurationPlatforms) = postSolution
		{6BD4DBC5-0B94-4299-AD0F-303B6A513A08}.Debug|Any CPU.ActiveCfg = Debug|Any CPU
		{6BD4DBC5-0B94-4299-AD0F-303B6A513A08}.Debug|Any CPU.Build.0 = Debug|Any CPU
		{6BD4DBC5-0B94-4299-AD0F-303B6A513A08}.Release|Any CPU.ActiveCfg = Release|Any CPU
		{6BD4DBC5-0B94-4299-AD0F-303B6A513A08}.Release|Any CPU.Build.0 = Release|Any CPU
	EndGlobalSection
	GlobalSection(SolutionProperties) = preSolution
		HideSolutionNode = FALSE
	EndGlobalSection
	GlobalSection(ExtensibilityGlobals) = postSolution
		SolutionGuid = {7C51C20C-2B3A-4904-8FFC-F8D495B45F7F}
	EndGlobalSection
EndGlobal
